<?xml version="1.0" encoding="utf-8"?>
<Project ToolsVersion="4.0" xmlns="http://schemas.microsoft.com/developer/msbuild/2003">
  <ItemGroup>
    <Filter Include="Source Files">
      <UniqueIdentifier>{4FC737F1-C7A5-4376-A066-2A32D752A2FF}</UniqueIdentifier>
      <Extensions>cpp;c;cc;cxx;def;odl;idl;hpj;bat;asm;asmx</Extensions>
    </Filter>
    <Filter Include="Header Files">
      <UniqueIdentifier>{93995380-89BD-4b04-88EB-625FBE52EBFB}</UniqueIdentifier>
      <Extensions>h;hh;hpp;hxx;hm;inl;inc;xsd</Extensions>
    </Filter>
    <Filter Include="Resource Files">
      <UniqueIdentifier>{67DA6AB6-F800-4c08-8B7A-83BB121AAD01}</UniqueIdentifier>
      <Extensions>rc;ico;cur;bmp;dlg;rc2;rct;bin;rgs;gif;jpg;jpeg;jpe;resx;tiff;tif;png;wav;mfcribbon-ms</Extensions>
    </Filter>
    <Filter Include="Source Files\Game">
      <UniqueIdentifier>{69a42cbf-e198-4af7-a978-26d2199328a3}</UniqueIdentifier>
    </Filter>
    <Filter Include="Source Files\PSO">
      <UniqueIdentifier>{57992725-73c0-4913-bbcc-f92bfd76c998}</UniqueIdentifier>
    </Filter>
    <Filter Include="Header Files\GA">
      <UniqueIdentifier>{6205a542-15a6-4e82-bc7a-a6a87f6c92af}</UniqueIdentifier>
    </Filter>
    <Filter Include="Header Files\Game">
      <UniqueIdentifier>{4ede4304-e99c-4165-a8f8-cf3cf22a8153}</UniqueIdentifier>
    </Filter>
    <Filter Include="Header Files\PSO">
      <UniqueIdentifier>{73ff3c63-72c7-443e-8c4c-9bbb2b19cfb3}</UniqueIdentifier>
    </Filter>
    <Filter Include="Source Files\Test">
      <UniqueIdentifier>{748cb0d8-f612-4bdb-aece-6e8adadd3eda}</UniqueIdentifier>
    </Filter>
  </ItemGroup>
  <ItemGroup>
    <ClCompile Include="..\Game\Chronometer.cpp">
      <Filter>Source Files\Game</Filter>
    </ClCompile>
    <ClCompile Include="..\Game\DemonstrationGame.cpp">
      <Filter>Source Files\Game</Filter>
    </ClCompile>
    <ClCompile Include="..\Game\Field.cpp">
      <Filter>Source Files\Game</Filter>
    </ClCompile>
    <ClCompile Include="..\Game\Figure.cpp">
      <Filter>Source Files\Game</Filter>
    </ClCompile>
    <ClCompile Include="..\Game\Game.cpp">
      <Filter>Source Files\Game</Filter>
    </ClCompile>
    <ClCompile Include="..\Game\OptimizationGame.cpp">
      <Filter>Source Files\Game</Filter>
    </ClCompile>
    <ClCompile Include="..\Game\Test.cpp">
      <Filter>Source Files\Game</Filter>
    </ClCompile>
    <ClCompile Include="..\Game\Utilities.cpp">
      <Filter>Source Files\Game</Filter>
    </ClCompile>
    <ClCompile Include="..\PSO\PSO.cpp">
      <Filter>Source Files\PSO</Filter>
    </ClCompile>
    <ClCompile Include="..\PSO\PsoParticle.cpp">
      <Filter>Source Files\PSO</Filter>
    </ClCompile>
    <ClCompile Include="..\main.cpp">
      <Filter>Source Files</Filter>
    </ClCompile>
    <ClCompile Include="..\Tests\Tests.cpp">
      <Filter>Source Files\Test</Filter>
    </ClCompile>
  </ItemGroup>
  <ItemGroup>
    <ClInclude Include="..\GA\Chromosome.hpp">
      <Filter>Header Files\GA</Filter>
    </ClInclude>
    <ClInclude Include="..\GA\GA.hpp">
      <Filter>Header Files\GA</Filter>
    </ClInclude>
    <ClInclude Include="..\GA\Gene.hpp">
      <Filter>Header Files\GA</Filter>
    </ClInclude>
    <ClInclude Include="..\GA\Individual.hpp">
      <Filter>Header Files\GA</Filter>
    </ClInclude>
    <ClInclude Include="..\GA\Population.hpp">
      <Filter>Header Files\GA</Filter>
    </ClInclude>
    <ClInclude Include="..\Game\UtilityEvaluator.hpp">
      <Filter>Header Files\Game</Filter>
    </ClInclude>
    <ClInclude Include="..\Game\Test.hpp">
      <Filter>Header Files\Game</Filter>
    </ClInclude>
    <ClInclude Include="..\Game\ScientificData.hpp">
      <Filter>Header Files\Game</Filter>
    </ClInclude>
    <ClInclude Include="..\Game\OptimizationGame.hpp">
      <Filter>Header Files\Game</Filter>
    </ClInclude>
    <ClInclude Include="..\Game\Game.hpp">
      <Filter>Header Files\Game</Filter>
    </ClInclude>
    <ClInclude Include="..\Game\Figure.hpp">
      <Filter>Header Files\Game</Filter>
    </ClInclude>
    <ClInclude Include="..\Game\Field.hpp">
      <Filter>Header Files\Game</Filter>
    </ClInclude>
    <ClInclude Include="..\Game\DemonstrationGame.hpp">
      <Filter>Header Files\Game</Filter>
    </ClInclude>
    <ClInclude Include="..\Game\Common.hpp">
      <Filter>Header Files\Game</Filter>
    </ClInclude>
    <ClInclude Include="..\Game\Chronometer.hpp">
      <Filter>Header Files\Game</Filter>
    </ClInclude>
    <ClInclude Include="..\PSO\PsoParticle.hpp">
      <Filter>Header Files\PSO</Filter>
    </ClInclude>
    <ClInclude Include="..\PSO\PSO.hpp">
      <Filter>Header Files\PSO</Filter>
    </ClInclude>
  </ItemGroup>
</Project>